
Microsoft Visual Studio Solution File, Format Version 12.00
# Visual Studio Version 16
VisualStudioVersion = 16.0.29215.179
MinimumVisualStudioVersion = 10.0.40219.1
Project("{FAE04EC0-301F-11D3-BF4B-00C04F79EFBC}") = "MythicalCafe_ICMS_FrontEnd", "MythicalCafe_ICMS_FrontEnd.csproj", "{9D49BBC6-826D-44E7-B659-6B3760100F58}"
EndProject
Global
	GlobalSection(SolutionConfigurationPlatforms) = preSolution
		Debug|Any CPU = Debug|Any CPU
		Release|Any CPU = Release|Any CPU
	EndGlobalSection
	GlobalSection(ProjectConfigurationPlatforms) = postSolution
		{9D49BBC6-826D-44E7-B659-6B3760100F58}.Debug|Any CPU.ActiveCfg = Debug|Any CPU
		{9D49BBC6-826D-44E7-B659-6B3760100F58}.Debug|Any CPU.Build.0 = Debug|Any CPU
		{9D49BBC6-826D-44E7-B659-6B3760100F58}.Release|Any CPU.ActiveCfg = Release|Any CPU
		{9D49BBC6-826D-44E7-B659-6B3760100F58}.Release|Any CPU.Build.0 = Release|Any CPU
	EndGlobalSection
	GlobalSection(SolutionProperties) = preSolution
		HideSolutionNode = FALSE
	EndGlobalSection
	GlobalSection(ExtensibilityGlobals) = postSolution
		SolutionGuid = {13A6580A-E8DE-4F4C-9C62-5E5234AB91D5}
	EndGlobalSection
EndGlobal
